
Microsoft Visual Studio Solution File, Format Version 12.00
# Visual Studio Version 16
VisualStudioVersion = 16.0.29201.188
MinimumVisualStudioVersion = 10.0.40219.1
Project("{FAE04EC0-301F-11D3-BF4B-00C04F79EFBC}") = "UniTest", "UniTest\UniTest.csproj", "{6BAD5A22-F17C-4E71-9B4C-2DDD34A7BC1F}"
EndProject
Project("{FAE04EC0-301F-11D3-BF4B-00C04F79EFBC}") = "MSTest", "MSTest\MSTest.csproj", "{670F4119-BD82-49C1-8231-588D04517404}"
EndProject
Project("{FAE04EC0-301F-11D3-BF4B-00C04F79EFBC}") = "NUnitTest", "NUnitTest\NUnitTest.csproj", "{F1A13804-14B3-4712-8E73-3AC406AF34BB}"
EndProject
Global
	GlobalSection(SolutionConfigurationPlatforms) = preSolution
		Debug|Any CPU = Debug|Any CPU
		Release|Any CPU = Release|Any CPU
	EndGlobalSection
	GlobalSection(ProjectConfigurationPlatforms) = postSolution
		{6BAD5A22-F17C-4E71-9B4C-2DDD34A7BC1F}.Debug|Any CPU.ActiveCfg = Debug|Any CPU
		{6BAD5A22-F17C-4E71-9B4C-2DDD34A7BC1F}.Debug|Any CPU.Build.0 = Debug|Any CPU
		{6BAD5A22-F17C-4E71-9B4C-2DDD34A7BC1F}.Release|Any CPU.ActiveCfg = Release|Any CPU
		{6BAD5A22-F17C-4E71-9B4C-2DDD34A7BC1F}.Release|Any CPU.Build.0 = Release|Any CPU
		{670F4119-BD82-49C1-8231-588D04517404}.Debug|Any CPU.ActiveCfg = Debug|Any CPU
		{670F4119-BD82-49C1-8231-588D04517404}.Debug|Any CPU.Build.0 = Debug|Any CPU
		{670F4119-BD82-49C1-8231-588D04517404}.Release|Any CPU.ActiveCfg = Release|Any CPU
		{670F4119-BD82-49C1-8231-588D04517404}.Release|Any CPU.Build.0 = Release|Any CPU
		{F1A13804-14B3-4712-8E73-3AC406AF34BB}.Debug|Any CPU.ActiveCfg = Debug|Any CPU
		{F1A13804-14B3-4712-8E73-3AC406AF34BB}.Debug|Any CPU.Build.0 = Debug|Any CPU
		{F1A13804-14B3-4712-8E73-3AC406AF34BB}.Release|Any CPU.ActiveCfg = Release|Any CPU
		{F1A13804-14B3-4712-8E73-3AC406AF34BB}.Release|Any CPU.Build.0 = Release|Any CPU
	EndGlobalSection
	GlobalSection(SolutionProperties) = preSolution
		HideSolutionNode = FALSE
	EndGlobalSection
	GlobalSection(ExtensibilityGlobals) = postSolution
		SolutionGuid = {CCAC1716-4F3F-43BC-8933-018C6AC53DAF}
	EndGlobalSection
EndGlobal
